
Microsoft Visual Studio Solution File, Format Version 12.00
# Visual Studio 15
VisualStudioVersion = 15.0.26124.0
MinimumVisualStudioVersion = 15.0.26124.0
Project("{FAE04EC0-301F-11D3-BF4B-00C04F79EFBC}") = "PingPonger", "PingPonger\PingPonger.csproj", "{77C15CC4-3B71-4E12-8B88-FCCDB2CD9D98}"
EndProject
Project("{FAE04EC0-301F-11D3-BF4B-00C04F79EFBC}") = "Serilog.Sinks.Network", "Serilog.Sinks.Network\Serilog.Sinks.Network.csproj", "{9D490BE9-8A54-4A0D-B837-2AF5D23FB65E}"
EndProject
Project("{FAE04EC0-301F-11D3-BF4B-00C04F79EFBC}") = "Serilog.Sinks.Network.Test", "Serilog.Sinks.Network.Test\Serilog.Sinks.Network.Test.csproj", "{53048CEC-FC7F-4808-987C-8F3B39F425D3}"
EndProject
Global
	GlobalSection(SolutionConfigurationPlatforms) = preSolution
		Debug|Any CPU = Debug|Any CPU
		Debug|x64 = Debug|x64
		Debug|x86 = Debug|x86
		Release|Any CPU = Release|Any CPU
		Release|x64 = Release|x64
		Release|x86 = Release|x86
	EndGlobalSection
	GlobalSection(SolutionProperties) = preSolution
		HideSolutionNode = FALSE
	EndGlobalSection
	GlobalSection(ProjectConfigurationPlatforms) = postSolution
		{77C15CC4-3B71-4E12-8B88-FCCDB2CD9D98}.Debug|Any CPU.ActiveCfg = Debug|Any CPU
		{77C15CC4-3B71-4E12-8B88-FCCDB2CD9D98}.Debug|Any CPU.Build.0 = Debug|Any CPU
		{77C15CC4-3B71-4E12-8B88-FCCDB2CD9D98}.Debug|x64.ActiveCfg = Debug|x64
		{77C15CC4-3B71-4E12-8B88-FCCDB2CD9D98}.Debug|x64.Build.0 = Debug|x64
		{77C15CC4-3B71-4E12-8B88-FCCDB2CD9D98}.Debug|x86.ActiveCfg = Debug|x86
		{77C15CC4-3B71-4E12-8B88-FCCDB2CD9D98}.Debug|x86.Build.0 = Debug|x86
		{77C15CC4-3B71-4E12-8B88-FCCDB2CD9D98}.Release|Any CPU.ActiveCfg = Release|Any CPU
		{77C15CC4-3B71-4E12-8B88-FCCDB2CD9D98}.Release|Any CPU.Build.0 = Release|Any CPU
		{77C15CC4-3B71-4E12-8B88-FCCDB2CD9D98}.Release|x64.ActiveCfg = Release|x64
		{77C15CC4-3B71-4E12-8B88-FCCDB2CD9D98}.Release|x64.Build.0 = Release|x64
		{77C15CC4-3B71-4E12-8B88-FCCDB2CD9D98}.Release|x86.ActiveCfg = Release|x86
		{77C15CC4-3B71-4E12-8B88-FCCDB2CD9D98}.Release|x86.Build.0 = Release|x86
		{9D490BE9-8A54-4A0D-B837-2AF5D23FB65E}.Debug|Any CPU.ActiveCfg = Debug|Any CPU
		{9D490BE9-8A54-4A0D-B837-2AF5D23FB65E}.Debug|Any CPU.Build.0 = Debug|Any CPU
		{9D490BE9-8A54-4A0D-B837-2AF5D23FB65E}.Debug|x64.ActiveCfg = Debug|x64
		{9D490BE9-8A54-4A0D-B837-2AF5D23FB65E}.Debug|x64.Build.0 = Debug|x64
		{9D490BE9-8A54-4A0D-B837-2AF5D23FB65E}.Debug|x86.ActiveCfg = Debug|x86
		{9D490BE9-8A54-4A0D-B837-2AF5D23FB65E}.Debug|x86.Build.0 = Debug|x86
		{9D490BE9-8A54-4A0D-B837-2AF5D23FB65E}.Release|Any CPU.ActiveCfg = Release|Any CPU
		{9D490BE9-8A54-4A0D-B837-2AF5D23FB65E}.Release|Any CPU.Build.0 = Release|Any CPU
		{9D490BE9-8A54-4A0D-B837-2AF5D23FB65E}.Release|x64.ActiveCfg = Release|x64
		{9D490BE9-8A54-4A0D-B837-2AF5D23FB65E}.Release|x64.Build.0 = Release|x64
		{9D490BE9-8A54-4A0D-B837-2AF5D23FB65E}.Release|x86.ActiveCfg = Release|x86
		{9D490BE9-8A54-4A0D-B837-2AF5D23FB65E}.Release|x86.Build.0 = Release|x86
		{53048CEC-FC7F-4808-987C-8F3B39F425D3}.Debug|Any CPU.ActiveCfg = Debug|Any CPU
		{53048CEC-FC7F-4808-987C-8F3B39F425D3}.Debug|Any CPU.Build.0 = Debug|Any CPU
		{53048CEC-FC7F-4808-987C-8F3B39F425D3}.Debug|x64.ActiveCfg = Debug|x64
		{53048CEC-FC7F-4808-987C-8F3B39F425D3}.Debug|x64.Build.0 = Debug|x64
		{53048CEC-FC7F-4808-987C-8F3B39F425D3}.Debug|x86.ActiveCfg = Debug|x86
		{53048CEC-FC7F-4808-987C-8F3B39F425D3}.Debug|x86.Build.0 = Debug|x86
		{53048CEC-FC7F-4808-987C-8F3B39F425D3}.Release|Any CPU.ActiveCfg = Release|Any CPU
		{53048CEC-FC7F-4808-987C-8F3B39F425D3}.Release|Any CPU.Build.0 = Release|Any CPU
		{53048CEC-FC7F-4808-987C-8F3B39F425D3}.Release|x64.ActiveCfg = Release|x64
		{53048CEC-FC7F-4808-987C-8F3B39F425D3}.Release|x64.Build.0 = Release|x64
		{53048CEC-FC7F-4808-987C-8F3B39F425D3}.Release|x86.ActiveCfg = Release|x86
		{53048CEC-FC7F-4808-987C-8F3B39F425D3}.Release|x86.Build.0 = Release|x86
	EndGlobalSection
EndGlobal
